PODS:
  - Alamofire (5.11.0)
  - Bugly (2.5.5)
  - Cache (5.3.0)
  - Closures (0.7)
  - CropViewController (2.5.3)
  - CryptoSwift (1.8.4)
  - Differentiator (5.0.0)
  - DZNEmptyDataSet (1.8.1)
  - ESTabBarController-swift (2.8.0)
  - FoldingCell (5.0.2)
  - FSPagerView (0.8.3)
  - HdWalletKit.swift (1.5.1):
    - OpenSslKit.swift (~> 1.0)
    - Secp256k1Kit.swift (~> 1.0)
  - Hero (1.5.0)
  - IQKeyboardManagerSwift (6.5.5)
  - JJException (0.2.7):
    - JJException/All (= 0.2.7)
  - JJException/All (0.2.7):
    - JJException/ARC
    - JJException/DeallocBlock
    - JJException/Main
    - JJException/MRC
    - JJException/Swizzle
  - JJException/ARC (0.2.7):
    - JJException/DeallocBlock
    - JJException/Main
    - JJException/Swizzle
  - JJException/DeallocBlock (0.2.7)
  - JJException/Main (0.2.7)
  - JJException/MRC (0.2.7):
    - JJException/Main
    - JJException/Swizzle
  - JJException/Swizzle (0.2.7)
  - JXSegmentedView (1.1.0)
  - KafkaRefresh (1.4.8):
    - KafkaRefresh/Category (= 1.4.8)
    - KafkaRefresh/Configuration (= 1.4.8)
    - KafkaRefresh/Core (= 1.4.8)
    - KafkaRefresh/Default (= 1.4.8)
    - KafkaRefresh/Style (= 1.4.8)
    - KafkaRefresh/UIKit (= 1.4.8)
  - KafkaRefresh/Category (1.4.8)
  - KafkaRefresh/Configuration (1.4.8):
    - KafkaRefresh/UIKit/FootKit
    - KafkaRefresh/UIKit/HeadKit
  - KafkaRefresh/Core (1.4.8):
    - KafkaRefresh/Category
  - KafkaRefresh/Default (1.4.8):
    - KafkaRefresh/Style
  - KafkaRefresh/Style (1.4.8)
  - KafkaRefresh/UIKit (1.4.8):
    - KafkaRefresh/UIKit/FootKit (= 1.4.8)
    - KafkaRefresh/UIKit/HeadKit (= 1.4.8)
    - KafkaRefresh/UIKit/LayerKit (= 1.4.8)
  - KafkaRefresh/UIKit/FootKit (1.4.8):
    - KafkaRefresh/Category
    - KafkaRefresh/Core
    - KafkaRefresh/Default
    - KafkaRefresh/Style
    - KafkaRefresh/UIKit/LayerKit
  - KafkaRefresh/UIKit/HeadKit (1.4.8):
    - KafkaRefresh/Category
    - KafkaRefresh/Core
    - KafkaRefresh/Default
    - KafkaRefresh/Style
    - KafkaRefresh/UIKit/LayerKit
  - KafkaRefresh/UIKit/LayerKit (1.4.8):
    - KafkaRefresh/Category
    - KafkaRefresh/Default
  - KeychainSwift (19.0.0)
  - Kingfisher (7.12.0)
  - Localize-Swift (3.1.0)
  - LTMorphingLabel (0.8.0)
  - MarqueeLabel (4.0.2)
  - Moya (15.0.0):
    - Moya/Core (= 15.0.0)
  - Moya/Core (15.0.0):
    - Alamofire (~> 5.0)
  - Moya/RxSwift (15.0.0):
    - Moya/Core
    - RxSwift (~> 6.0)
  - MYTableViewIndex (0.8.0)
  - "NSObject+Rx (5.2.2)":
    - RxSwift (~> 6.2)
  - ObjectMapper (4.4.2)
  - OpenSslKit.swift (1.2.2)
  - RxCocoa (6.9.0):
    - RxRelay (= 6.9.0)
    - RxSwift (= 6.9.0)
  - RxDataSources (5.0.0):
    - Differentiator (~> 5.0)
    - RxCocoa (~> 6.0)
    - RxSwift (~> 6.0)
  - RxRelay (6.9.0):
    - RxSwift (= 6.9.0)
  - RxSwift (6.9.0)
  - Schedule (2.1.0)
  - Secp256k1Kit.swift (1.1)
  - SnapKit (5.7.1)
  - SVProgressHUD (2.2.5)
  - SwifterSwift (6.2.0):
    - SwifterSwift/AppKit (= 6.2.0)
    - SwifterSwift/Combine (= 6.2.0)
    - SwifterSwift/CoreAnimation (= 6.2.0)
    - SwifterSwift/CoreGraphics (= 6.2.0)
    - SwifterSwift/CoreLocation (= 6.2.0)
    - SwifterSwift/CryptoKit (= 6.2.0)
    - SwifterSwift/Dispatch (= 6.2.0)
    - SwifterSwift/Foundation (= 6.2.0)
    - SwifterSwift/HealthKit (= 6.2.0)
    - SwifterSwift/MapKit (= 6.2.0)
    - SwifterSwift/SceneKit (= 6.2.0)
    - SwifterSwift/SpriteKit (= 6.2.0)
    - SwifterSwift/StoreKit (= 6.2.0)
    - SwifterSwift/SwiftStdlib (= 6.2.0)
    - SwifterSwift/UIKit (= 6.2.0)
    - SwifterSwift/WebKit (= 6.2.0)
  - SwifterSwift/AppKit (6.2.0)
  - SwifterSwift/Combine (6.2.0)
  - SwifterSwift/CoreAnimation (6.2.0)
  - SwifterSwift/CoreGraphics (6.2.0)
  - SwifterSwift/CoreLocation (6.2.0)
  - SwifterSwift/CryptoKit (6.2.0)
  - SwifterSwift/Dispatch (6.2.0)
  - SwifterSwift/Foundation (6.2.0)
  - SwifterSwift/HealthKit (6.2.0)
  - SwifterSwift/MapKit (6.2.0)
  - SwifterSwift/SceneKit (6.2.0)
  - SwifterSwift/SpriteKit (6.2.0)
  - SwifterSwift/StoreKit (6.2.0)
  - SwifterSwift/SwiftStdlib (6.2.0)
  - SwifterSwift/UIKit (6.2.0)
  - SwifterSwift/WebKit (6.2.0)
  - SwiftMessages (7.0.1):
    - SwiftMessages/App (= 7.0.1)
  - SwiftMessages/App (7.0.1)
  - SwiftyAttributes (5.1.1)
  - SwiftyRSA (1.5.0):
    - SwiftyRSA/ObjC (= 1.5.0)
  - SwiftyRSA/ObjC (1.5.0)
  - Then (2.6.0)
  - "UITextView+Placeholder (1.4.0)"
  - UMCommon (7.5.6):
    - UMDevice
  - UMDevice (3.4.0)
  - UMPush (4.1.3):
    - UMCommon
  - ViewAnimator (2.7.0)
  - WCDB.swift (2.1.15):
    - WCDBOptimizedSQLCipher (= 1.4.8)
  - WCDBOptimizedSQLCipher (1.4.8)
  - WKWebViewJavascriptBridge (1.2.0)

DEPENDENCIES:
  - Bugly
  - Cache
  - Closures
  - CropViewController
  - CryptoSwift (~> 1.8)
  - DZNEmptyDataSet
  - ESTabBarController-swift
  - FoldingCell
  - FSPagerView
  - HdWalletKit.swift (~> 1.5)
  - Hero
  - IQKeyboardManagerSwift
  - JJException
  - JXSegmentedView
  - KafkaRefresh
  - KeychainSwift
  - Kingfisher (~> 7.0)
  - Localize-Swift
  - LTMorphingLabel
  - MarqueeLabel
  - Moya (~> 15.0)
  - Moya/RxSwift (~> 15.0)
  - MYTableViewIndex
  - "NSObject+Rx (~> 5.0)"
  - ObjectMapper (~> 4.0)
  - RxCocoa (~> 6.0)
  - RxDataSources (~> 5.0)
  - RxSwift (~> 6.0)
  - Schedule
  - SnapKit (~> 5.0)
  - SVProgressHUD
  - SwifterSwift (~> 6.0)
  - SwiftMessages
  - SwiftyAttributes
  - SwiftyRSA
  - Then
  - "UITextView+Placeholder"
  - UMCommon
  - UMDevice
  - UMPush
  - ViewAnimator
  - WCDB.swift (~> 2.0)
  - WKWebViewJavascriptBridge (~> 1.2.0)

SPEC REPOS:
  trunk:
    - Alamofire
    - Bugly
    - Cache
    - Closures
    - CropViewController
    - CryptoSwift
    - Differentiator
    - DZNEmptyDataSet
    - ESTabBarController-swift
    - FoldingCell
    - FSPagerView
    - HdWalletKit.swift
    - Hero
    - IQKeyboardManagerSwift
    - JJException
    - JXSegmentedView
    - KafkaRefresh
    - KeychainSwift
    - Kingfisher
    - Localize-Swift
    - LTMorphingLabel
    - MarqueeLabel
    - Moya
    - MYTableViewIndex
    - "NSObject+Rx"
    - ObjectMapper
    - OpenSslKit.swift
    - RxCocoa
    - RxDataSources
    - RxRelay
    - RxSwift
    - Schedule
    - Secp256k1Kit.swift
    - SnapKit
    - SVProgressHUD
    - SwifterSwift
    - SwiftMessages
    - SwiftyAttributes
    - SwiftyRSA
    - Then
    - "UITextView+Placeholder"
    - UMCommon
    - UMDevice
    - UMPush
    - ViewAnimator
    - WCDB.swift
    - WCDBOptimizedSQLCipher
    - WKWebViewJavascriptBridge

SPEC CHECKSUMS:
  Alamofire: bd5e7b23a1a750975288482c1831d71e74415f86
  Bugly: eded937bbb1f731cacf689c2d934ddbd9ab34f83
  Cache: 48762993ec44e1d93483c4d4a13edd18452326f4
  Closures: a83b9892a5b1c4125a9dfcd53e2754db5d7f6d22
  CropViewController: a5c143548a0fabcd6cc25f2d26e40460cfb8c78c
  CryptoSwift: e64e11850ede528a02a0f3e768cec8e9d92ecb90
  Differentiator: e8497ceab83c1b10ca233716d547b9af21b9344d
  DZNEmptyDataSet: 9525833b9e68ac21c30253e1d3d7076cc828eaa7
  ESTabBarController-swift: 05593a6ad64700b03c0eb60ff625916370aa4136
  FoldingCell: f92eb5fb9842319e7cd08c71533c98408b785099
  FSPagerView: 670405b2f18e2a87fa37f20b00de783e562c25a8
  HdWalletKit.swift: 30b1ab08c736422eeefe346369ced89574e2ec00
  Hero: b7385b75e7259da62f4f85462f59a5082d66b058
  IQKeyboardManagerSwift: 0fb93310284665245591f50f7a5e38de615960b7
  JJException: 6d987840193b7ef59e778d41bca463401a80a79b
  JXSegmentedView: 072a2979323f98fc5d0e0e5dc2342549ae8a5c8f
  KafkaRefresh: aaae4ff23197f2ef38b6b22ca320740beac4bbb4
  KeychainSwift: a06190cf933ad46b1e0abc3d77d29c06331715c7
  Kingfisher: 53a10ea35051a436b5fb626ca2dd8f3144d755e9
  Localize-Swift: 4bed4f0ccac8be2ec3517ee359da80ba2adb0fae
  LTMorphingLabel: 1ada1cb5c046ae4ce5c66b428cf2e05e227e8e4f
  MarqueeLabel: f762aa681ae201f66c1d511858b171f75d83013a
  Moya: 138f0573e53411fb3dc17016add0b748dfbd78ee
  MYTableViewIndex: 55d5d8557b3f2a4de270d8c0260b41f3918ba4e3
  "NSObject+Rx": 61cf1f7306a73dcef8b36649198af0813ec18dfd
  ObjectMapper: e6e4d91ff7f2861df7aecc536c92d8363f4c9677
  OpenSslKit.swift: 0e2194853fd9ce42006cf18c89743331406a10a9
  RxCocoa: ac16414696ae706516be3e1ab00fcce5bdc9be8a
  RxDataSources: aa47cc1ed6c500fa0dfecac5c979b723542d79cf
  RxRelay: 6b0c930e5cef57d5fe2032571e5e65b78e3cbdb1
  RxSwift: 31649ace6aceeb422e16ff71c60804f9c3281ed9
  Schedule: 00e6d7bbdbdb000fd1f51a7d10e9f88a8c451fda
  Secp256k1Kit.swift: 322a66c4b3e95e96a397d73d45ad4d79af991bab
  SnapKit: d612e99e678a2d3b95bf60b0705ed0a35c03484a
  SVProgressHUD: 1428aafac632c1f86f62aa4243ec12008d7a51d6
  SwifterSwift: dd00873fb09cde19da88bdb2878f9fe70fe27b0f
  SwiftMessages: b577dc7043be8b299857ab35bb663dbff6483bd0
  SwiftyAttributes: e3e13891ddac3c62b3d7798d5c3969cea88e62bb
  SwiftyRSA: 6e528fb1b1a87d5111c48081083b141d6d65f1cf
  Then: 90cd104fd951cec1980a03f57704ad8f784d4d79
  "UITextView+Placeholder": d7b0c400921f66523f3a85d74f774512e14f6502
  UMCommon: 298dd359c0314e5a6d81bb9ffe5e4299a063a683
  UMDevice: dcdf7ec167387837559d149fbc7d793d984faf82
  UMPush: 5d4c4c28f050bf3898ddce00210432050cf8aead
  ViewAnimator: 5af1c6f3b310f012bf081259c43717aa54fbae73
  WCDB.swift: cc8c9ba279270f8609f87bb2245435e958354558
  WCDBOptimizedSQLCipher: 871994f7f620302fdf87a2729c099a1efa2223da
  WKWebViewJavascriptBridge: 43c5948c08c29b8777530d512d02eb921ca0881f

PODFILE CHECKSUM: 9a148400512b7199f296c00f8b11819fd89faa41

COCOAPODS: 1.16.2
